
Microsoft Visual Studio Solution File, Format Version 12.00
# Visual Studio Version 16
VisualStudioVersion = 16.0.29411.108
MinimumVisualStudioVersion = 10.0.40219.1
Project("{9A19103F-16F7-4668-BE54-9A1E7A4F7556}") = "IdentityServer", "IdentityServer\IdentityServer.csproj", "{937E75A2-B4B5-4882-95DD-F15E8AEEB0EB}"
EndProject
Project("{9A19103F-16F7-4668-BE54-9A1E7A4F7556}") = "MyIdentityService", "MyIdentityService\MyIdentityService.csproj", "{DAB5BABA-86CF-459F-8500-A678E1BEDEFD}"
EndProject
Project("{9A19103F-16F7-4668-BE54-9A1E7A4F7556}") = "ConsoleClient", "..\ConsoleClient\ConsoleClient.csproj", "{A0C8C5FC-217D-4A58-B0D3-D5093F9666E5}"
EndProject
Project("{9A19103F-16F7-4668-BE54-9A1E7A4F7556}") = "Gateway", "MyGateway\Gateway.csproj", "{E61BC311-C822-4152-9617-6A8BBA2D94D6}"
EndProject
Project("{9092AA53-FB77-4645-B42D-1CCCA6BD08BD}") = "NodejsPostMicroservice", "NodejsPostMicroservice\NodejsPostMicroservice.njsproj", "{2AE7F6E6-50E3-4CD4-8212-801ADE5570B2}"
EndProject
Global
	GlobalSection(SolutionConfigurationPlatforms) = preSolution
		Debug|Any CPU = Debug|Any CPU
		Release|Any CPU = Release|Any CPU
	EndGlobalSection
	GlobalSection(ProjectConfigurationPlatforms) = postSolution
		{937E75A2-B4B5-4882-95DD-F15E8AEEB0EB}.Debug|Any CPU.ActiveCfg = Debug|Any CPU
		{937E75A2-B4B5-4882-95DD-F15E8AEEB0EB}.Debug|Any CPU.Build.0 = Debug|Any CPU
		{937E75A2-B4B5-4882-95DD-F15E8AEEB0EB}.Release|Any CPU.ActiveCfg = Release|Any CPU
		{937E75A2-B4B5-4882-95DD-F15E8AEEB0EB}.Release|Any CPU.Build.0 = Release|Any CPU
		{DAB5BABA-86CF-459F-8500-A678E1BEDEFD}.Debug|Any CPU.ActiveCfg = Debug|Any CPU
		{DAB5BABA-86CF-459F-8500-A678E1BEDEFD}.Debug|Any CPU.Build.0 = Debug|Any CPU
		{DAB5BABA-86CF-459F-8500-A678E1BEDEFD}.Release|Any CPU.ActiveCfg = Release|Any CPU
		{DAB5BABA-86CF-459F-8500-A678E1BEDEFD}.Release|Any CPU.Build.0 = Release|Any CPU
		{A0C8C5FC-217D-4A58-B0D3-D5093F9666E5}.Debug|Any CPU.ActiveCfg = Debug|Any CPU
		{A0C8C5FC-217D-4A58-B0D3-D5093F9666E5}.Debug|Any CPU.Build.0 = Debug|Any CPU
		{A0C8C5FC-217D-4A58-B0D3-D5093F9666E5}.Release|Any CPU.ActiveCfg = Release|Any CPU
		{A0C8C5FC-217D-4A58-B0D3-D5093F9666E5}.Release|Any CPU.Build.0 = Release|Any CPU
		{E61BC311-C822-4152-9617-6A8BBA2D94D6}.Debug|Any CPU.ActiveCfg = Debug|Any CPU
		{E61BC311-C822-4152-9617-6A8BBA2D94D6}.Debug|Any CPU.Build.0 = Debug|Any CPU
		{E61BC311-C822-4152-9617-6A8BBA2D94D6}.Release|Any CPU.ActiveCfg = Release|Any CPU
		{E61BC311-C822-4152-9617-6A8BBA2D94D6}.Release|Any CPU.Build.0 = Release|Any CPU
		{2AE7F6E6-50E3-4CD4-8212-801ADE5570B2}.Debug|Any CPU.ActiveCfg = Debug|Any CPU
		{2AE7F6E6-50E3-4CD4-8212-801ADE5570B2}.Debug|Any CPU.Build.0 = Debug|Any CPU
		{2AE7F6E6-50E3-4CD4-8212-801ADE5570B2}.Release|Any CPU.ActiveCfg = Release|Any CPU
		{2AE7F6E6-50E3-4CD4-8212-801ADE5570B2}.Release|Any CPU.Build.0 = Release|Any CPU
	EndGlobalSection
	GlobalSection(SolutionProperties) = preSolution
		HideSolutionNode = FALSE
	EndGlobalSection
	GlobalSection(ExtensibilityGlobals) = postSolution
		SolutionGuid = {D38F617E-83A1-44B8-A99F-B98DB078C6FC}
	EndGlobalSection
EndGlobal
